
Microsoft Visual Studio Solution File, Format Version 12.00
# Visual Studio Version 17
VisualStudioVersion = 17.6.33723.286
MinimumVisualStudioVersion = 10.0.40219.1
Project("{FAE04EC0-301F-11D3-BF4B-00C04F79EFBC}") = "Bank Account", "Bank Account\Bank Account.csproj", "{A2933C0C-127C-4612-9B79-2217E72B5AE5}"
EndProject
Global
	GlobalSection(SolutionConfigurationPlatforms) = preSolution
		Debug|Any CPU = Debug|Any CPU
		Release|Any CPU = Release|Any CPU
	EndGlobalSection
	GlobalSection(ProjectConfigurationPlatforms) = postSolution
		{A2933C0C-127C-4612-9B79-2217E72B5AE5}.Debug|Any CPU.ActiveCfg = Debug|Any CPU
		{A2933C0C-127C-4612-9B79-2217E72B5AE5}.Debug|Any CPU.Build.0 = Debug|Any CPU
		{A2933C0C-127C-4612-9B79-2217E72B5AE5}.Release|Any CPU.ActiveCfg = Release|Any CPU
		{A2933C0C-127C-4612-9B79-2217E72B5AE5}.Release|Any CPU.Build.0 = Release|Any CPU
	EndGlobalSection
	GlobalSection(SolutionProperties) = preSolution
		HideSolutionNode = FALSE
	EndGlobalSection
	GlobalSection(ExtensibilityGlobals) = postSolution
		SolutionGuid = {2974F886-8169-4769-B00A-E0C377DF3CC8}
	EndGlobalSection
EndGlobal
